
Microsoft Visual Studio Solution File, Format Version 12.00
# Visual Studio Version 16
VisualStudioVersion = 16.0.31515.178
MinimumVisualStudioVersion = 10.0.40219.1
Project("{FAE04EC0-301F-11D3-BF4B-00C04F79EFBC}") = "cinema", "cinema.csproj", "{EB36FE91-C7B6-495C-9A88-ADE54D404314}"
EndProject
Global
	GlobalSection(SolutionConfigurationPlatforms) = preSolution
		Debug|Any CPU = Debug|Any CPU
		Release|Any CPU = Release|Any CPU
	EndGlobalSection
	GlobalSection(ProjectConfigurationPlatforms) = postSolution
		{EB36FE91-C7B6-495C-9A88-ADE54D404314}.Debug|Any CPU.ActiveCfg = Debug|Any CPU
		{EB36FE91-C7B6-495C-9A88-ADE54D404314}.Debug|Any CPU.Build.0 = Debug|Any CPU
		{EB36FE91-C7B6-495C-9A88-ADE54D404314}.Release|Any CPU.ActiveCfg = Release|Any CPU
		{EB36FE91-C7B6-495C-9A88-ADE54D404314}.Release|Any CPU.Build.0 = Release|Any CPU
	EndGlobalSection
	GlobalSection(SolutionProperties) = preSolution
		HideSolutionNode = FALSE
	EndGlobalSection
	GlobalSection(ExtensibilityGlobals) = postSolution
		SolutionGuid = {06CDA5E9-70B0-4466-9F47-013F3E4D3876}
	EndGlobalSection
EndGlobal
